
Microsoft Visual Studio Solution File, Format Version 12.00
# Visual Studio Version 17
VisualStudioVersion = 17.13.35931.197 d17.13
MinimumVisualStudioVersion = 10.0.40219.1
Project("{FAE04EC0-301F-11D3-BF4B-00C04F79EFBC}") = "StudentManagement", "StudentManagement\StudentManagement.csproj", "{20155D2D-958A-41DA-A43B-C0FE8D0D2C85}"
EndProject
Global
	GlobalSection(SolutionConfigurationPlatforms) = preSolution
		Debug|Any CPU = Debug|Any CPU
		Release|Any CPU = Release|Any CPU
	EndGlobalSection
	GlobalSection(ProjectConfigurationPlatforms) = postSolution
		{20155D2D-958A-41DA-A43B-C0FE8D0D2C85}.Debug|Any CPU.ActiveCfg = Debug|Any CPU
		{20155D2D-958A-41DA-A43B-C0FE8D0D2C85}.Debug|Any CPU.Build.0 = Debug|Any CPU
		{20155D2D-958A-41DA-A43B-C0FE8D0D2C85}.Release|Any CPU.ActiveCfg = Release|Any CPU
		{20155D2D-958A-41DA-A43B-C0FE8D0D2C85}.Release|Any CPU.Build.0 = Release|Any CPU
	EndGlobalSection
	GlobalSection(SolutionProperties) = preSolution
		HideSolutionNode = FALSE
	EndGlobalSection
	GlobalSection(ExtensibilityGlobals) = postSolution
		SolutionGuid = {34612EDD-5040-4BBF-A485-530A3AD94499}
	EndGlobalSection
EndGlobal
